
Microsoft Visual Studio Solution File, Format Version 12.00
# Visual Studio Version 17
VisualStudioVersion = 17.13.35931.197 d17.13
MinimumVisualStudioVersion = 10.0.40219.1
Project("{FAE04EC0-301F-11D3-BF4B-00C04F79EFBC}") = "CarsiPazarProjectAPI", "CarsiPazarProjectAPI\CarsiPazarProjectAPI.csproj", "{B13F2C9D-E0FC-46BE-ABD8-02428244C7FC}"
EndProject
Global
	GlobalSection(SolutionConfigurationPlatforms) = preSolution
		Debug|Any CPU = Debug|Any CPU
		Release|Any CPU = Release|Any CPU
	EndGlobalSection
	GlobalSection(ProjectConfigurationPlatforms) = postSolution
		{B13F2C9D-E0FC-46BE-ABD8-02428244C7FC}.Debug|Any CPU.ActiveCfg = Debug|Any CPU
		{B13F2C9D-E0FC-46BE-ABD8-02428244C7FC}.Debug|Any CPU.Build.0 = Debug|Any CPU
		{B13F2C9D-E0FC-46BE-ABD8-02428244C7FC}.Release|Any CPU.ActiveCfg = Release|Any CPU
		{B13F2C9D-E0FC-46BE-ABD8-02428244C7FC}.Release|Any CPU.Build.0 = Release|Any CPU
	EndGlobalSection
	GlobalSection(SolutionProperties) = preSolution
		HideSolutionNode = FALSE
	EndGlobalSection
	GlobalSection(ExtensibilityGlobals) = postSolution
		SolutionGuid = {64C1CBFA-EBCE-4527-9741-A7839BD67EE1}
	EndGlobalSection
EndGlobal
